// !$*UTF8*$!
{
	archiveVersion = 1;
	classes = {
	};
	objectVersion = 56;
	objects = {

/* Begin PBXBuildFile section */
		6CCE98573F336D022BF0E5F9 /* Pods_TodoAppRxSwift.framework in Frameworks */ = {isa = PBXBuildFile; fileRef = 05C99E54308747840DAAF8A1 /* Pods_TodoAppRxSwift.framework */; };
		841D7D9A2E0A97D2000E33B2 /* AppDelegate.swift in Sources */ = {isa = PBXBuildFile; fileRef = 841D7D992E0A97D2000E33B2 /* AppDelegate.swift */; };
		841D7D9C2E0A97D2000E33B2 /* SceneDelegate.swift in Sources */ = {isa = PBXBuildFile; fileRef = 841D7D9B2E0A97D2000E33B2 /* SceneDelegate.swift */; };
		841D7D9E2E0A97D2000E33B2 /* ViewController.swift in Sources */ = {isa = PBXBuildFile; fileRef = 841D7D9D2E0A97D2000E33B2 /* ViewController.swift */; };
		841D7DA12E0A97D2000E33B2 /* Main.storyboard in Resources */ = {isa = PBXBuildFile; fileRef = 841D7D9F2E0A97D2000E33B2 /* Main.storyboard */; };
		841D7DA32E0A97D4000E33B2 /* Assets.xcassets in Resources */ = {isa = PBXBuildFile; fileRef = 841D7DA22E0A97D4000E33B2 /* Assets.xcassets */; };
		841D7DA62E0A97D4000E33B2 /* LaunchScreen.storyboard in Resources */ = {isa = PBXBuildFile; fileRef = 841D7DA42E0A97D4000E33B2 /* LaunchScreen.storyboard */; };
		849B1FAA2E0A9CDE00961879 /* TodoItemView.xib in Resources */ = {isa = PBXBuildFile; fileRef = 849B1FA92E0A9CDE00961879 /* TodoItemView.xib */; };
		849B1FAC2E0A9CF900961879 /* TodoItemView.swift in Sources */ = {isa = PBXBuildFile; fileRef = 849B1FAB2E0A9CF900961879 /* TodoItemView.swift */; };
		849B1FAF2E0A9E1900961879 /* UIViewExtension.swift in Sources */ = {isa = PBXBuildFile; fileRef = 849B1FAE2E0A9E1900961879 /* UIViewExtension.swift */; };
		849B1FB12E0AA7E900961879 /* ListTodoScreenViewController.swift in Sources */ = {isa = PBXBuildFile; fileRef = 849B1FB02E0AA7E900961879 /* ListTodoScreenViewController.swift */; };
		849B1FB42E0AA81D00961879 /* Coordinator.swift in Sources */ = {isa = PBXBuildFile; fileRef = 849B1FB32E0AA81D00961879 /* Coordinator.swift */; };
		849B1FB62E0AA83700961879 /* AppCoordinator.swift in Sources */ = {isa = PBXBuildFile; fileRef = 849B1FB52E0AA83700961879 /* AppCoordinator.swift */; };
		849B1FB92E0AA85D00961879 /* Todo.swift in Sources */ = {isa = PBXBuildFile; fileRef = 849B1FB82E0AA85D00961879 /* Todo.swift */; };
		849B1FBB2E0AA89900961879 /* Category.swift in Sources */ = {isa = PBXBuildFile; fileRef = 849B1FBA2E0AA89900961879 /* Category.swift */; };
		84B4FA9D2E12239C005DE7DF /* AddNewTaskView.xib in Resources */ = {isa = PBXBuildFile; fileRef = 84B4FA9C2E12239C005DE7DF /* AddNewTaskView.xib */; };
		84B4FA9F2E1223AC005DE7DF /* AddNewTaskViewController.swift in Sources */ = {isa = PBXBuildFile; fileRef = 84B4FA9E2E1223AC005DE7DF /* AddNewTaskViewController.swift */; };
		84BBB34A2E1260F5000CB0EC /* SupabaseService.swift in Sources */ = {isa = PBXBuildFile; fileRef = 84BBB3492E1260F5000CB0EC /* SupabaseService.swift */; };
		84BBB34D2E126155000CB0EC /* Auth in Frameworks */ = {isa = PBXBuildFile; productRef = 84BBB34C2E126155000CB0EC /* Auth */; };
		84BBB34F2E126155000CB0EC /* Functions in Frameworks */ = {isa = PBXBuildFile; productRef = 84BBB34E2E126155000CB0EC /* Functions */; };
		84BBB3512E126155000CB0EC /* PostgREST in Frameworks */ = {isa = PBXBuildFile; productRef = 84BBB3502E126155000CB0EC /* PostgREST */; };
		84BBB3532E126155000CB0EC /* Realtime in Frameworks */ = {isa = PBXBuildFile; productRef = 84BBB3522E126155000CB0EC /* Realtime */; };
		84BBB3552E126155000CB0EC /* Storage in Frameworks */ = {isa = PBXBuildFile; productRef = 84BBB3542E126155000CB0EC /* Storage */; };
		84C6FB162E0CEF550096AEBB /* ListTodoScreenView.xib in Resources */ = {isa = PBXBuildFile; fileRef = 84C6FB152E0CEF550096AEBB /* ListTodoScreenView.xib */; };
		84C6FB192E0D22C10096AEBB /* TodoListViewModel.swift in Sources */ = {isa = PBXBuildFile; fileRef = 84C6FB182E0D22C10096AEBB /* TodoListViewModel.swift */; };
		84C6FB1B2E0D28600096AEBB /* TodoItemViewCell.swift in Sources */ = {isa = PBXBuildFile; fileRef = 84C6FB1A2E0D28600096AEBB /* TodoItemViewCell.swift */; };
		84C6FB1D2E0D37B90096AEBB /* UncompletedTodoItemView.xib in Resources */ = {isa = PBXBuildFile; fileRef = 84C6FB1C2E0D37B90096AEBB /* UncompletedTodoItemView.xib */; };
		84C6FB212E0D3DD40096AEBB /* UncompletedTodoItemViewCell.swift in Sources */ = {isa = PBXBuildFile; fileRef = 84C6FB202E0D3DD30096AEBB /* UncompletedTodoItemViewCell.swift */; };
		84C6FB232E0D43E70096AEBB /* UncompletedTodoItemView.swift in Sources */ = {isa = PBXBuildFile; fileRef = 84C6FB222E0D43E70096AEBB /* UncompletedTodoItemView.swift */; };
		84C85FC02E1262A300926139 /* Auth in Frameworks */ = {isa = PBXBuildFile; productRef = 84C85FBF2E1262A300926139 /* Auth */; };
		84C85FC22E1262A300926139 /* Functions in Frameworks */ = {isa = PBXBuildFile; productRef = 84C85FC12E1262A300926139 /* Functions */; };
		84C85FC42E1262A300926139 /* PostgREST in Frameworks */ = {isa = PBXBuildFile; productRef = 84C85FC32E1262A300926139 /* PostgREST */; };
		84C85FC62E1262A300926139 /* Realtime in Frameworks */ = {isa = PBXBuildFile; productRef = 84C85FC52E1262A300926139 /* Realtime */; };
		84C85FC82E1262A300926139 /* Storage in Frameworks */ = {isa = PBXBuildFile; productRef = 84C85FC72E1262A300926139 /* Storage */; };
		84C85FCA2E1262A300926139 /* Supabase in Frameworks */ = {isa = PBXBuildFile; productRef = 84C85FC92E1262A300926139 /* Supabase */; };
/* End PBXBuildFile section */

/* Begin PBXFileReference section */
		05C99E54308747840DAAF8A1 /* Pods_TodoAppRxSwift.framework */ = {isa = PBXFileReference; explicitFileType = wrapper.framework; includeInIndex = 0; path = Pods_TodoAppRxSwift.framework; sourceTree = BUILT_PRODUCTS_DIR; };
		78E7D1D8AF9E56100F748658 /* Pods-TodoAppRxSwift.debug.xcconfig */ = {isa = PBXFileReference; includeInIndex = 1; lastKnownFileType = text.xcconfig; name = "Pods-TodoAppRxSwift.debug.xcconfig"; path = "Target Support Files/Pods-TodoAppRxSwift/Pods-TodoAppRxSwift.debug.xcconfig"; sourceTree = "<group>"; };
		841D7D962E0A97D2000E33B2 /* TodoAppRxSwift.app */ = {isa = PBXFileReference; explicitFileType = wrapper.application; includeInIndex = 0; path = TodoAppRxSwift.app; sourceTree = BUILT_PRODUCTS_DIR; };
		841D7D992E0A97D2000E33B2 /* AppDelegate.swift */ = {isa = PBXFileReference; lastKnownFileType = sourcecode.swift; path = AppDelegate.swift; sourceTree = "<group>"; };
		841D7D9B2E0A97D2000E33B2 /* SceneDelegate.swift */ = {isa = PBXFileReference; lastKnownFileType = sourcecode.swift; path = SceneDelegate.swift; sourceTree = "<group>"; };
		841D7D9D2E0A97D2000E33B2 /* ViewController.swift */ = {isa = PBXFileReference; lastKnownFileType = sourcecode.swift; path = ViewController.swift; sourceTree = "<group>"; };
		841D7DA02E0A97D2000E33B2 /* Base */ = {isa = PBXFileReference; lastKnownFileType = file.storyboard; name = Base; path = Base.lproj/Main.storyboard; sourceTree = "<group>"; };
		841D7DA22E0A97D4000E33B2 /* Assets.xcassets */ = {isa = PBXFileReference; lastKnownFileType = folder.assetcatalog; path = Assets.xcassets; sourceTree = "<group>"; };
		841D7DA52E0A97D4000E33B2 /* Base */ = {isa = PBXFileReference; lastKnownFileType = file.storyboard; name = Base; path = Base.lproj/LaunchScreen.storyboard; sourceTree = "<group>"; };
		841D7DA72E0A97D4000E33B2 /* Info.plist */ = {isa = PBXFileReference; lastKnownFileType = text.plist.xml; path = Info.plist; sourceTree = "<group>"; };
		849B1FA92E0A9CDE00961879 /* TodoItemView.xib */ = {isa = PBXFileReference; lastKnownFileType = file.xib; path = TodoItemView.xib; sourceTree = "<group>"; };
		849B1FAB2E0A9CF900961879 /* TodoItemView.swift */ = {isa = PBXFileReference; lastKnownFileType = sourcecode.swift; path = TodoItemView.swift; sourceTree = "<group>"; };
		849B1FAE2E0A9E1900961879 /* UIViewExtension.swift */ = {isa = PBXFileReference; lastKnownFileType = sourcecode.swift; path = UIViewExtension.swift; sourceTree = "<group>"; };
		849B1FB02E0AA7E900961879 /* ListTodoScreenViewController.swift */ = {isa = PBXFileReference; lastKnownFileType = sourcecode.swift; path = ListTodoScreenViewController.swift; sourceTree = "<group>"; };
		849B1FB32E0AA81D00961879 /* Coordinator.swift */ = {isa = PBXFileReference; lastKnownFileType = sourcecode.swift; path = Coordinator.swift; sourceTree = "<group>"; };
		849B1FB52E0AA83700961879 /* AppCoordinator.swift */ = {isa = PBXFileReference; lastKnownFileType = sourcecode.swift; path = AppCoordinator.swift; sourceTree = "<group>"; };
		849B1FB82E0AA85D00961879 /* Todo.swift */ = {isa = PBXFileReference; lastKnownFileType = sourcecode.swift; path = Todo.swift; sourceTree = "<group>"; };
		849B1FBA2E0AA89900961879 /* Category.swift */ = {isa = PBXFileReference; lastKnownFileType = sourcecode.swift; path = Category.swift; sourceTree = "<group>"; };
		84B4FA9C2E12239C005DE7DF /* AddNewTaskView.xib */ = {isa = PBXFileReference; lastKnownFileType = file.xib; path = AddNewTaskView.xib; sourceTree = "<group>"; };
		84B4FA9E2E1223AC005DE7DF /* AddNewTaskViewController.swift */ = {isa = PBXFileReference; lastKnownFileType = sourcecode.swift; path = AddNewTaskViewController.swift; sourceTree = "<group>"; };
		84BBB3492E1260F5000CB0EC /* SupabaseService.swift */ = {isa = PBXFileReference; lastKnownFileType = sourcecode.swift; path = SupabaseService.swift; sourceTree = "<group>"; };
		84C6FB152E0CEF550096AEBB /* ListTodoScreenView.xib */ = {isa = PBXFileReference; lastKnownFileType = file.xib; path = ListTodoScreenView.xib; sourceTree = "<group>"; };
		84C6FB182E0D22C10096AEBB /* TodoListViewModel.swift */ = {isa = PBXFileReference; lastKnownFileType = sourcecode.swift; path = TodoListViewModel.swift; sourceTree = "<group>"; };
		84C6FB1A2E0D28600096AEBB /* TodoItemViewCell.swift */ = {isa = PBXFileReference; lastKnownFileType = sourcecode.swift; path = TodoItemViewCell.swift; sourceTree = "<group>"; };
		84C6FB1C2E0D37B90096AEBB /* UncompletedTodoItemView.xib */ = {isa = PBXFileReference; lastKnownFileType = file.xib; path = UncompletedTodoItemView.xib; sourceTree = "<group>"; };
		84C6FB202E0D3DD30096AEBB /* UncompletedTodoItemViewCell.swift */ = {isa = PBXFileReference; lastKnownFileType = sourcecode.swift; path = UncompletedTodoItemViewCell.swift; sourceTree = "<group>"; };
		84C6FB222E0D43E70096AEBB /* UncompletedTodoItemView.swift */ = {isa = PBXFileReference; lastKnownFileType = sourcecode.swift; path = UncompletedTodoItemView.swift; sourceTree = "<group>"; };
		FF8283446AAEF24A68FFC2C6 /* Pods-TodoAppRxSwift.release.xcconfig */ = {isa = PBXFileReference; includeInIndex = 1; lastKnownFileType = text.xcconfig; name = "Pods-TodoAppRxSwift.release.xcconfig"; path = "Target Support Files/Pods-TodoAppRxSwift/Pods-TodoAppRxSwift.release.xcconfig"; sourceTree = "<group>"; };
/* End PBXFileReference section */

/* Begin PBXFrameworksBuildPhase section */
		841D7D932E0A97D2000E33B2 /* Frameworks */ = {
			isa = PBXFrameworksBuildPhase;
			buildActionMask = 2147483647;
			files = (
				84BBB3552E126155000CB0EC /* Storage in Frameworks */,
				84BBB3512E126155000CB0EC /* PostgREST in Frameworks */,
				84C85FC82E1262A300926139 /* Storage in Frameworks */,
				84C85FC22E1262A300926139 /* Functions in Frameworks */,
				84C85FC62E1262A300926139 /* Realtime in Frameworks */,
				84C85FC42E1262A300926139 /* PostgREST in Frameworks */,
				84BBB34F2E126155000CB0EC /* Functions in Frameworks */,
				84C85FC02E1262A300926139 /* Auth in Frameworks */,
				84C85FCA2E1262A300926139 /* Supabase in Frameworks */,
				84BBB34D2E126155000CB0EC /* Auth in Frameworks */,
				84BBB3532E126155000CB0EC /* Realtime in Frameworks */,
				6CCE98573F336D022BF0E5F9 /* Pods_TodoAppRxSwift.framework in Frameworks */,
			);
			runOnlyForDeploymentPostprocessing = 0;
		};
/* End PBXFrameworksBuildPhase section */

/* Begin PBXGroup section */
		841D7D8D2E0A97D2000E33B2 = {
			isa = PBXGroup;
			children = (
				841D7D982E0A97D2000E33B2 /* TodoAppRxSwift */,
				841D7D972E0A97D2000E33B2 /* Products */,
				EB873030B2205E483B119348 /* Pods */,
				888ECE9B6E981E91EDE20A67 /* Frameworks */,
			);
			sourceTree = "<group>";
		};
		841D7D972E0A97D2000E33B2 /* Products */ = {
			isa = PBXGroup;
			children = (
				841D7D962E0A97D2000E33B2 /* TodoAppRxSwift.app */,
			);
			name = Products;
			sourceTree = "<group>";
		};
		841D7D982E0A97D2000E33B2 /* TodoAppRxSwift */ = {
			isa = PBXGroup;
			children = (
				84BBB3482E1260E2000CB0EC /* Networks */,
				849B1FA82E0A9CB700961879 /* Components */,
				849B1FAD2E0A9E0800961879 /* Extensions */,
				84C6FB172E0D22A50096AEBB /* ViewModels */,
				849B1FB72E0AA84C00961879 /* Models */,
				849B1FB22E0AA80200961879 /* Coordinators */,
				849B1FA72E0A9CAE00961879 /* Views */,
				841D7D992E0A97D2000E33B2 /* AppDelegate.swift */,
				841D7D9B2E0A97D2000E33B2 /* SceneDelegate.swift */,
				841D7D9D2E0A97D2000E33B2 /* ViewController.swift */,
				841D7D9F2E0A97D2000E33B2 /* Main.storyboard */,
				841D7DA22E0A97D4000E33B2 /* Assets.xcassets */,
				841D7DA42E0A97D4000E33B2 /* LaunchScreen.storyboard */,
				841D7DA72E0A97D4000E33B2 /* Info.plist */,
			);
			path = TodoAppRxSwift;
			sourceTree = "<group>";
		};
		849B1FA72E0A9CAE00961879 /* Views */ = {
			isa = PBXGroup;
			children = (
				849B1FB02E0AA7E900961879 /* ListTodoScreenViewController.swift */,
				84C6FB152E0CEF550096AEBB /* ListTodoScreenView.xib */,
				84B4FA9C2E12239C005DE7DF /* AddNewTaskView.xib */,
				84B4FA9E2E1223AC005DE7DF /* AddNewTaskViewController.swift */,
			);
			path = Views;
			sourceTree = "<group>";
		};
		849B1FA82E0A9CB700961879 /* Components */ = {
			isa = PBXGroup;
			children = (
				849B1FA92E0A9CDE00961879 /* TodoItemView.xib */,
				849B1FAB2E0A9CF900961879 /* TodoItemView.swift */,
				84C6FB1A2E0D28600096AEBB /* TodoItemViewCell.swift */,
				84C6FB1C2E0D37B90096AEBB /* UncompletedTodoItemView.xib */,
				84C6FB222E0D43E70096AEBB /* UncompletedTodoItemView.swift */,
				84C6FB202E0D3DD30096AEBB /* UncompletedTodoItemViewCell.swift */,
			);
			path = Components;
			sourceTree = "<group>";
		};
		849B1FAD2E0A9E0800961879 /* Extensions */ = {
			isa = PBXGroup;
			children = (
				849B1FAE2E0A9E1900961879 /* UIViewExtension.swift */,
			);
			path = Extensions;
			sourceTree = "<group>";
		};
		849B1FB22E0AA80200961879 /* Coordinators */ = {
			isa = PBXGroup;
			children = (
				849B1FB32E0AA81D00961879 /* Coordinator.swift */,
				849B1FB52E0AA83700961879 /* AppCoordinator.swift */,
			);
			path = Coordinators;
			sourceTree = "<group>";
		};
		849B1FB72E0AA84C00961879 /* Models */ = {
			isa = PBXGroup;
			children = (
				849B1FB82E0AA85D00961879 /* Todo.swift */,
				849B1FBA2E0AA89900961879 /* Category.swift */,
			);
			path = Models;
			sourceTree = "<group>";
		};
		84BBB3482E1260E2000CB0EC /* Networks */ = {
			isa = PBXGroup;
			children = (
				84BBB3492E1260F5000CB0EC /* SupabaseService.swift */,
			);
			path = Networks;
			sourceTree = "<group>";
		};
		84C6FB172E0D22A50096AEBB /* ViewModels */ = {
			isa = PBXGroup;
			children = (
				84C6FB182E0D22C10096AEBB /* TodoListViewModel.swift */,
			);
			path = ViewModels;
			sourceTree = "<group>";
		};
		888ECE9B6E981E91EDE20A67 /* Frameworks */ = {
			isa = PBXGroup;
			children = (
				05C99E54308747840DAAF8A1 /* Pods_TodoAppRxSwift.framework */,
			);
			name = Frameworks;
			sourceTree = "<group>";
		};
		EB873030B2205E483B119348 /* Pods */ = {
			isa = PBXGroup;
			children = (
				78E7D1D8AF9E56100F748658 /* Pods-TodoAppRxSwift.debug.xcconfig */,
				FF8283446AAEF24A68FFC2C6 /* Pods-TodoAppRxSwift.release.xcconfig */,
			);
			path = Pods;
			sourceTree = "<group>";
		};
/* End PBXGroup section */

/* Begin PBXNativeTarget section */
		841D7D952E0A97D2000E33B2 /* TodoAppRxSwift */ = {
			isa = PBXNativeTarget;
			buildConfigurationList = 841D7DAA2E0A97D4000E33B2 /* Build configuration list for PBXNativeTarget "TodoAppRxSwift" */;
			buildPhases = (
				242FB6FCEE2A95C66B002B5E /* [CP] Check Pods Manifest.lock */,
				841D7D922E0A97D2000E33B2 /* Sources */,
				841D7D932E0A97D2000E33B2 /* Frameworks */,
				841D7D942E0A97D2000E33B2 /* Resources */,
				BCDECB280A56AD77492B11ED /* [CP] Embed Pods Frameworks */,
			);
			buildRules = (
			);
			dependencies = (
			);
			name = TodoAppRxSwift;
			packageProductDependencies = (
				84BBB34C2E126155000CB0EC /* Auth */,
				84BBB34E2E126155000CB0EC /* Functions */,
				84BBB3502E126155000CB0EC /* PostgREST */,
				84BBB3522E126155000CB0EC /* Realtime */,
				84BBB3542E126155000CB0EC /* Storage */,
				84C85FBF2E1262A300926139 /* Auth */,
				84C85FC12E1262A300926139 /* Functions */,
				84C85FC32E1262A300926139 /* PostgREST */,
				84C85FC52E1262A300926139 /* Realtime */,
				84C85FC72E1262A300926139 /* Storage */,
				84C85FC92E1262A300926139 /* Supabase */,
			);
			productName = TodoAppRxSwift;
			productReference = 841D7D962E0A97D2000E33B2 /* TodoAppRxSwift.app */;
			productType = "com.apple.product-type.application";
		};
/* End PBXNativeTarget section */

/* Begin PBXProject section */
		841D7D8E2E0A97D2000E33B2 /* Project object */ = {
			isa = PBXProject;
			attributes = {
				BuildIndependentTargetsInParallel = 1;
				LastSwiftUpdateCheck = 1520;
				LastUpgradeCheck = 1520;
				TargetAttributes = {
					841D7D952E0A97D2000E33B2 = {
						CreatedOnToolsVersion = 15.2;
					};
				};
			};
			buildConfigurationList = 841D7D912E0A97D2000E33B2 /* Build configuration list for PBXProject "TodoAppRxSwift" */;
			compatibilityVersion = "Xcode 14.0";
			developmentRegion = en;
			hasScannedForEncodings = 0;
			knownRegions = (
				en,
				Base,
			);
			mainGroup = 841D7D8D2E0A97D2000E33B2;
			packageReferences = (
				84BBB34B2E126155000CB0EC /* XCRemoteSwiftPackageReference "supabase-swift" */,
			);
			productRefGroup = 841D7D972E0A97D2000E33B2 /* Products */;
			projectDirPath = "";
			projectRoot = "";
			targets = (
				841D7D952E0A97D2000E33B2 /* TodoAppRxSwift */,
			);
		};
/* End PBXProject section */

/* Begin PBXResourcesBuildPhase section */
		841D7D942E0A97D2000E33B2 /* Resources */ = {
			isa = PBXResourcesBuildPhase;
			buildActionMask = 2147483647;
			files = (
				841D7DA62E0A97D4000E33B2 /* LaunchScreen.storyboard in Resources */,
				84C6FB162E0CEF550096AEBB /* ListTodoScreenView.xib in Resources */,
				841D7DA32E0A97D4000E33B2 /* Assets.xcassets in Resources */,
				84B4FA9D2E12239C005DE7DF /* AddNewTaskView.xib in Resources */,
				849B1FAA2E0A9CDE00961879 /* TodoItemView.xib in Resources */,
				841D7DA12E0A97D2000E33B2 /* Main.storyboard in Resources */,
				84C6FB1D2E0D37B90096AEBB /* UncompletedTodoItemView.xib in Resources */,
			);
			runOnlyForDeploymentPostprocessing = 0;
		};
/* End PBXResourcesBuildPhase section */

/* Begin PBXShellScriptBuildPhase section */
		242FB6FCEE2A95C66B002B5E /* [CP] Check Pods Manifest.lock */ = {
			isa = PBXShellScriptBuildPhase;
			buildActionMask = 2147483647;
			files = (
			);
			inputFileListPaths = (
			);
			inputPaths = (
				"${PODS_PODFILE_DIR_PATH}/Podfile.lock",
				"${PODS_ROOT}/Manifest.lock",
			);
			name = "[CP] Check Pods Manifest.lock";
			outputFileListPaths = (
			);
			outputPaths = (
				"$(DERIVED_FILE_DIR)/Pods-TodoAppRxSwift-checkManifestLockResult.txt",
			);
			runOnlyForDeploymentPostprocessing = 0;
			shellPath = /bin/sh;
			shellScript = "diff \"${PODS_PODFILE_DIR_PATH}/Podfile.lock\" \"${PODS_ROOT}/Manifest.lock\" > /dev/null\nif [ $? != 0 ] ; then\n    # print error to STDERR\n    echo \"error: The sandbox is not in sync with the Podfile.lock. Run 'pod install' or update your CocoaPods installation.\" >&2\n    exit 1\nfi\n# This output is used by Xcode 'outputs' to avoid re-running this script phase.\necho \"SUCCESS\" > \"${SCRIPT_OUTPUT_FILE_0}\"\n";
			showEnvVarsInLog = 0;
		};
		BCDECB280A56AD77492B11ED /* [CP] Embed Pods Frameworks */ = {
			isa = PBXShellScriptBuildPhase;
			buildActionMask = 2147483647;
			files = (
			);
			inputFileListPaths = (
				"${PODS_ROOT}/Target Support Files/Pods-TodoAppRxSwift/Pods-TodoAppRxSwift-frameworks-${CONFIGURATION}-input-files.xcfilelist",
			);
			name = "[CP] Embed Pods Frameworks";
			outputFileListPaths = (
				"${PODS_ROOT}/Target Support Files/Pods-TodoAppRxSwift/Pods-TodoAppRxSwift-frameworks-${CONFIGURATION}-output-files.xcfilelist",
			);
			runOnlyForDeploymentPostprocessing = 0;
			shellPath = /bin/sh;
			shellScript = "\"${PODS_ROOT}/Target Support Files/Pods-TodoAppRxSwift/Pods-TodoAppRxSwift-frameworks.sh\"\n";
			showEnvVarsInLog = 0;
		};
/* End PBXShellScriptBuildPhase section */

/* Begin PBXSourcesBuildPhase section */
		841D7D922E0A97D2000E33B2 /* Sources */ = {
			isa = PBXSourcesBuildPhase;
			buildActionMask = 2147483647;
			files = (
				84C6FB192E0D22C10096AEBB /* TodoListViewModel.swift in Sources */,
				849B1FAF2E0A9E1900961879 /* UIViewExtension.swift in Sources */,
				849B1FBB2E0AA89900961879 /* Category.swift in Sources */,
				84C6FB212E0D3DD40096AEBB /* UncompletedTodoItemViewCell.swift in Sources */,
				841D7D9E2E0A97D2000E33B2 /* ViewController.swift in Sources */,
				84BBB34A2E1260F5000CB0EC /* SupabaseService.swift in Sources */,
				849B1FB12E0AA7E900961879 /* ListTodoScreenViewController.swift in Sources */,
				84B4FA9F2E1223AC005DE7DF /* AddNewTaskViewController.swift in Sources */,
				841D7D9A2E0A97D2000E33B2 /* AppDelegate.swift in Sources */,
				849B1FB92E0AA85D00961879 /* Todo.swift in Sources */,
				84C6FB232E0D43E70096AEBB /* UncompletedTodoItemView.swift in Sources */,
				849B1FB62E0AA83700961879 /* AppCoordinator.swift in Sources */,
				849B1FAC2E0A9CF900961879 /* TodoItemView.swift in Sources */,
				84C6FB1B2E0D28600096AEBB /* TodoItemViewCell.swift in Sources */,
				841D7D9C2E0A97D2000E33B2 /* SceneDelegate.swift in Sources */,
				849B1FB42E0AA81D00961879 /* Coordinator.swift in Sources */,
			);
			runOnlyForDeploymentPostprocessing = 0;
		};
/* End PBXSourcesBuildPhase section */

/* Begin PBXVariantGroup section */
		841D7D9F2E0A97D2000E33B2 /* Main.storyboard */ = {
			isa = PBXVariantGroup;
			children = (
				841D7DA02E0A97D2000E33B2 /* Base */,
			);
			name = Main.storyboard;
			sourceTree = "<group>";
		};
		841D7DA42E0A97D4000E33B2 /* LaunchScreen.storyboard */ = {
			isa = PBXVariantGroup;
			children = (
				841D7DA52E0A97D4000E33B2 /* Base */,
			);
			name = LaunchScreen.storyboard;
			sourceTree = "<group>";
		};
/* End PBXVariantGroup section */

/* Begin XCBuildConfiguration section */
		841D7DA82E0A97D4000E33B2 /* Debug */ = {
			isa = XCBuildConfiguration;
			buildSettings = {
				ALWAYS_SEARCH_USER_PATHS = NO;
				ASSETCATALOG_COMPILER_GENERATE_SWIFT_ASSET_SYMBOL_EXTENSIONS = YES;
				CLANG_ANALYZER_NONNULL = YES;
				CLANG_ANALYZER_NUMBER_OBJECT_CONVERSION = YES_AGGRESSIVE;
				CLANG_CXX_LANGUAGE_STANDARD = "gnu++20";
				CLANG_ENABLE_MODULES = YES;
				CLANG_ENABLE_OBJC_ARC = YES;
				CLANG_ENABLE_OBJC_WEAK = YES;
				CLANG_WARN_BLOCK_CAPTURE_AUTORELEASING = YES;
				CLANG_WARN_BOOL_CONVERSION = YES;
				CLANG_WARN_COMMA = YES;
				CLANG_WARN_CONSTANT_CONVERSION = YES;
				CLANG_WARN_DEPRECATED_OBJC_IMPLEMENTATIONS = YES;
				CLANG_WARN_DIRECT_OBJC_ISA_USAGE = YES_ERROR;
				CLANG_WARN_DOCUMENTATION_COMMENTS = YES;
				CLANG_WARN_EMPTY_BODY = YES;
				CLANG_WARN_ENUM_CONVERSION = YES;
				CLANG_WARN_INFINITE_RECURSION = YES;
				CLANG_WARN_INT_CONVERSION = YES;
				CLANG_WARN_NON_LITERAL_NULL_CONVERSION = YES;
				CLANG_WARN_OBJC_IMPLICIT_RETAIN_SELF = YES;
				CLANG_WARN_OBJC_LITERAL_CONVERSION = YES;
				CLANG_WARN_OBJC_ROOT_CLASS = YES_ERROR;
				CLANG_WARN_QUOTED_INCLUDE_IN_FRAMEWORK_HEADER = YES;
				CLANG_WARN_RANGE_LOOP_ANALYSIS = YES;
				CLANG_WARN_STRICT_PROTOTYPES = YES;
				CLANG_WARN_SUSPICIOUS_MOVE = YES;
				CLANG_WARN_UNGUARDED_AVAILABILITY = YES_AGGRESSIVE;
				CLANG_WARN_UNREACHABLE_CODE = YES;
				CLANG_WARN__DUPLICATE_METHOD_MATCH = YES;
				COPY_PHASE_STRIP = NO;
				DEBUG_INFORMATION_FORMAT = dwarf;
				ENABLE_STRICT_OBJC_MSGSEND = YES;
				ENABLE_TESTABILITY = YES;
				ENABLE_USER_SCRIPT_SANDBOXING = NO;
				GCC_C_LANGUAGE_STANDARD = gnu17;
				GCC_DYNAMIC_NO_PIC = NO;
				GCC_NO_COMMON_BLOCKS = YES;
				GCC_OPTIMIZATION_LEVEL = 0;
				GCC_PREPROCESSOR_DEFINITIONS = (
					"DEBUG=1",
					"$(inherited)",
				);
				GCC_WARN_64_TO_32_BIT_CONVERSION = YES;
				GCC_WARN_ABOUT_RETURN_TYPE = YES_ERROR;
				GCC_WARN_UNDECLARED_SELECTOR = YES;
				GCC_WARN_UNINITIALIZED_AUTOS = YES_AGGRESSIVE;
				GCC_WARN_UNUSED_FUNCTION = YES;
				GCC_WARN_UNUSED_VARIABLE = YES;
				IPHONEOS_DEPLOYMENT_TARGET = 17.2;
				LOCALIZATION_PREFERS_STRING_CATALOGS = YES;
				MTL_ENABLE_DEBUG_INFO = INCLUDE_SOURCE;
				MTL_FAST_MATH = YES;
				ONLY_ACTIVE_ARCH = YES;
				SDKROOT = iphoneos;
				SWIFT_ACTIVE_COMPILATION_CONDITIONS = "DEBUG $(inherited)";
				SWIFT_OPTIMIZATION_LEVEL = "-Onone";
			};
			name = Debug;
		};
		841D7DA92E0A97D4000E33B2 /* Release */ = {
			isa = XCBuildConfiguration;
			buildSettings = {
				ALWAYS_SEARCH_USER_PATHS = NO;
				ASSETCATALOG_COMPILER_GENERATE_SWIFT_ASSET_SYMBOL_EXTENSIONS = YES;
				CLANG_ANALYZER_NONNULL = YES;
				CLANG_ANALYZER_NUMBER_OBJECT_CONVERSION = YES_AGGRESSIVE;
				CLANG_CXX_LANGUAGE_STANDARD = "gnu++20";
				CLANG_ENABLE_MODULES = YES;
				CLANG_ENABLE_OBJC_ARC = YES;
				CLANG_ENABLE_OBJC_WEAK = YES;
				CLANG_WARN_BLOCK_CAPTURE_AUTORELEASING = YES;
				CLANG_WARN_BOOL_CONVERSION = YES;
				CLANG_WARN_COMMA = YES;
				CLANG_WARN_CONSTANT_CONVERSION = YES;
				CLANG_WARN_DEPRECATED_OBJC_IMPLEMENTATIONS = YES;
				CLANG_WARN_DIRECT_OBJC_ISA_USAGE = YES_ERROR;
				CLANG_WARN_DOCUMENTATION_COMMENTS = YES;
				CLANG_WARN_EMPTY_BODY = YES;
				CLANG_WARN_ENUM_CONVERSION = YES;
				CLANG_WARN_INFINITE_RECURSION = YES;
				CLANG_WARN_INT_CONVERSION = YES;
				CLANG_WARN_NON_LITERAL_NULL_CONVERSION = YES;
				CLANG_WARN_OBJC_IMPLICIT_RETAIN_SELF = YES;
				CLANG_WARN_OBJC_LITERAL_CONVERSION = YES;
				CLANG_WARN_OBJC_ROOT_CLASS = YES_ERROR;
				CLANG_WARN_QUOTED_INCLUDE_IN_FRAMEWORK_HEADER = YES;
				CLANG_WARN_RANGE_LOOP_ANALYSIS = YES;
				CLANG_WARN_STRICT_PROTOTYPES = YES;
				CLANG_WARN_SUSPICIOUS_MOVE = YES;
				CLANG_WARN_UNGUARDED_AVAILABILITY = YES_AGGRESSIVE;
				CLANG_WARN_UNREACHABLE_CODE = YES;
				CLANG_WARN__DUPLICATE_METHOD_MATCH = YES;
				COPY_PHASE_STRIP = NO;
				DEBUG_INFORMATION_FORMAT = "dwarf-with-dsym";
				ENABLE_NS_ASSERTIONS = NO;
				ENABLE_STRICT_OBJC_MSGSEND = YES;
				ENABLE_USER_SCRIPT_SANDBOXING = NO;
				GCC_C_LANGUAGE_STANDARD = gnu17;
				GCC_NO_COMMON_BLOCKS = YES;
				GCC_WARN_64_TO_32_BIT_CONVERSION = YES;
				GCC_WARN_ABOUT_RETURN_TYPE = YES_ERROR;
				GCC_WARN_UNDECLARED_SELECTOR = YES;
				GCC_WARN_UNINITIALIZED_AUTOS = YES_AGGRESSIVE;
				GCC_WARN_UNUSED_FUNCTION = YES;
				GCC_WARN_UNUSED_VARIABLE = YES;
				IPHONEOS_DEPLOYMENT_TARGET = 17.2;
				LOCALIZATION_PREFERS_STRING_CATALOGS = YES;
				MTL_ENABLE_DEBUG_INFO = NO;
				MTL_FAST_MATH = YES;
				SDKROOT = iphoneos;
				SWIFT_COMPILATION_MODE = wholemodule;
				VALIDATE_PRODUCT = YES;
			};
			name = Release;
		};
		841D7DAB2E0A97D4000E33B2 /* Debug */ = {
			isa = XCBuildConfiguration;
			baseConfigurationReference = 78E7D1D8AF9E56100F748658 /* Pods-TodoAppRxSwift.debug.xcconfig */;
			buildSettings = {
				ASSETCATALOG_COMPILER_APPICON_NAME = AppIcon;
				ASSETCATALOG_COMPILER_GLOBAL_ACCENT_COLOR_NAME = AccentColor;
				CODE_SIGN_STYLE = Automatic;
				CURRENT_PROJECT_VERSION = 1;
				GENERATE_INFOPLIST_FILE = YES;
				INFOPLIST_FILE = TodoAppRxSwift/Info.plist;
				INFOPLIST_KEY_UIApplicationSupportsIndirectInputEvents = YES;
				INFOPLIST_KEY_UILaunchStoryboardName = LaunchScreen;
				INFOPLIST_KEY_UIMainStoryboardFile = Main;
				INFOPLIST_KEY_UISupportedInterfaceOrientations_iPad = "UIInterfaceOrientationPortrait UIInterfaceOrientationPortraitUpsideDown UIInterfaceOrientationLandscapeLeft UIInterfaceOrientationLandscapeRight";
				INFOPLIST_KEY_UISupportedInterfaceOrientations_iPhone = "UIInterfaceOrientationPortrait UIInterfaceOrientationLandscapeLeft UIInterfaceOrientationLandscapeRight";
				LD_RUNPATH_SEARCH_PATHS = (
					"$(inherited)",
					"@executable_path/Frameworks",
				);
				MARKETING_VERSION = 1.0;
				PRODUCT_BUNDLE_IDENTIFIER = kiennv3.newwave.TodoAppRxSwift;
				PRODUCT_NAME = "$(TARGET_NAME)";
				SWIFT_EMIT_LOC_STRINGS = YES;
				SWIFT_VERSION = 5.0;
				TARGETED_DEVICE_FAMILY = "1,2";
			};
			name = Debug;
		};
		841D7DAC2E0A97D4000E33B2 /* Release */ = {
			isa = XCBuildConfiguration;
			baseConfigurationReference = FF8283446AAEF24A68FFC2C6 /* Pods-TodoAppRxSwift.release.xcconfig */;
			buildSettings = {
				ASSETCATALOG_COMPILER_APPICON_NAME = AppIcon;
				ASSETCATALOG_COMPILER_GLOBAL_ACCENT_COLOR_NAME = AccentColor;
				CODE_SIGN_STYLE = Automatic;
				CURRENT_PROJECT_VERSION = 1;
				GENERATE_INFOPLIST_FILE = YES;
				INFOPLIST_FILE = TodoAppRxSwift/Info.plist;
				INFOPLIST_KEY_UIApplicationSupportsIndirectInputEvents = YES;
				INFOPLIST_KEY_UILaunchStoryboardName = LaunchScreen;
				INFOPLIST_KEY_UIMainStoryboardFile = Main;
				INFOPLIST_KEY_UISupportedInterfaceOrientations_iPad = "UIInterfaceOrientationPortrait UIInterfaceOrientationPortraitUpsideDown UIInterfaceOrientationLandscapeLeft UIInterfaceOrientationLandscapeRight";
				INFOPLIST_KEY_UISupportedInterfaceOrientations_iPhone = "UIInterfaceOrientationPortrait UIInterfaceOrientationLandscapeLeft UIInterfaceOrientationLandscapeRight";
				LD_RUNPATH_SEARCH_PATHS = (
					"$(inherited)",
					"@executable_path/Frameworks",
				);
				MARKETING_VERSION = 1.0;
				PRODUCT_BUNDLE_IDENTIFIER = kiennv3.newwave.TodoAppRxSwift;
				PRODUCT_NAME = "$(TARGET_NAME)";
				SWIFT_EMIT_LOC_STRINGS = YES;
				SWIFT_VERSION = 5.0;
				TARGETED_DEVICE_FAMILY = "1,2";
			};
			name = Release;
		};
/* End XCBuildConfiguration section */

/* Begin XCConfigurationList section */
		841D7D912E0A97D2000E33B2 /* Build configuration list for PBXProject "TodoAppRxSwift" */ = {
			isa = XCConfigurationList;
			buildConfigurations = (
				841D7DA82E0A97D4000E33B2 /* Debug */,
				841D7DA92E0A97D4000E33B2 /* Release */,
			);
			defaultConfigurationIsVisible = 0;
			defaultConfigurationName = Release;
		};
		841D7DAA2E0A97D4000E33B2 /* Build configuration list for PBXNativeTarget "TodoAppRxSwift" */ = {
			isa = XCConfigurationList;
			buildConfigurations = (
				841D7DAB2E0A97D4000E33B2 /* Debug */,
				841D7DAC2E0A97D4000E33B2 /* Release */,
			);
			defaultConfigurationIsVisible = 0;
			defaultConfigurationName = Release;
		};
/* End XCConfigurationList section */

/* Begin XCRemoteSwiftPackageReference section */
		84BBB34B2E126155000CB0EC /* XCRemoteSwiftPackageReference "supabase-swift" */ = {
			isa = XCRemoteSwiftPackageReference;
			repositoryURL = "https://github.com/supabase/supabase-swift.git";
			requirement = {
				kind = upToNextMajorVersion;
				minimumVersion = 2.5.1;
			};
		};
/* End XCRemoteSwiftPackageReference section */

/* Begin XCSwiftPackageProductDependency section */
		84BBB34C2E126155000CB0EC /* Auth */ = {
			isa = XCSwiftPackageProductDependency;
			package = 84BBB34B2E126155000CB0EC /* XCRemoteSwiftPackageReference "supabase-swift" */;
			productName = Auth;
		};
		84BBB34E2E126155000CB0EC /* Functions */ = {
			isa = XCSwiftPackageProductDependency;
			package = 84BBB34B2E126155000CB0EC /* XCRemoteSwiftPackageReference "supabase-swift" */;
			productName = Functions;
		};
		84BBB3502E126155000CB0EC /* PostgREST */ = {
			isa = XCSwiftPackageProductDependency;
			package = 84BBB34B2E126155000CB0EC /* XCRemoteSwiftPackageReference "supabase-swift" */;
			productName = PostgREST;
		};
		84BBB3522E126155000CB0EC /* Realtime */ = {
			isa = XCSwiftPackageProductDependency;
			package = 84BBB34B2E126155000CB0EC /* XCRemoteSwiftPackageReference "supabase-swift" */;
			productName = Realtime;
		};
		84BBB3542E126155000CB0EC /* Storage */ = {
			isa = XCSwiftPackageProductDependency;
			package = 84BBB34B2E126155000CB0EC /* XCRemoteSwiftPackageReference "supabase-swift" */;
			productName = Storage;
		};
		84C85FBF2E1262A300926139 /* Auth */ = {
			isa = XCSwiftPackageProductDependency;
			productName = Auth;
		};
		84C85FC12E1262A300926139 /* Functions */ = {
			isa = XCSwiftPackageProductDependency;
			productName = Functions;
		};
		84C85FC32E1262A300926139 /* PostgREST */ = {
			isa = XCSwiftPackageProductDependency;
			productName = PostgREST;
		};
		84C85FC52E1262A300926139 /* Realtime */ = {
			isa = XCSwiftPackageProductDependency;
			productName = Realtime;
		};
		84C85FC72E1262A300926139 /* Storage */ = {
			isa = XCSwiftPackageProductDependency;
			productName = Storage;
		};
		84C85FC92E1262A300926139 /* Supabase */ = {
			isa = XCSwiftPackageProductDependency;
			productName = Supabase;
		};
/* End XCSwiftPackageProductDependency section */
	};
	rootObject = 841D7D8E2E0A97D2000E33B2 /* Project object */;
}
